// !$*UTF8*$!
{
	archiveVersion = 1;
	classes = {
	};
	objectVersion = 46;
	objects = {

/* Begin PBXBuildFile section */
		D514A62E1BC7BBC400191F95 /* AppDelegate.swift in Sources */ = {isa = PBXBuildFile; fileRef = D514A62D1BC7BBC400191F95 /* AppDelegate.swift */; };
		D514A6301BC7BBC400191F95 /* ViewController.swift in Sources */ = {isa = PBXBuildFile; fileRef = D514A62F1BC7BBC400191F95 /* ViewController.swift */; };
		D514A6331BC7BBC400191F95 /* Main.storyboard in Resources */ = {isa = PBXBuildFile; fileRef = D514A6311BC7BBC400191F95 /* Main.storyboard */; };
		D514A6351BC7BBC400191F95 /* Assets.xcassets in Resources */ = {isa = PBXBuildFile; fileRef = D514A6341BC7BBC400191F95 /* Assets.xcassets */; };
		D514A6381BC7BBC400191F95 /* LaunchScreen.storyboard in Resources */ = {isa = PBXBuildFile; fileRef = D514A6361BC7BBC400191F95 /* LaunchScreen.storyboard */; };
/* End PBXBuildFile section */

/* Begin PBXFileReference section */
		D514A62A1BC7BBC400191F95 /* WorkWithFiles.app */ = {isa = PBXFileReference; explicitFileType = wrapper.application; includeInIndex = 0; path = WorkWithFiles.app; sourceTree = BUILT_PRODUCTS_DIR; };
		D514A62D1BC7BBC400191F95 /* AppDelegate.swift */ = {isa = PBXFileReference; lastKnownFileType = sourcecode.swift; path = AppDelegate.swift; sourceTree = "<group>"; };
		D514A62F1BC7BBC400191F95 /* ViewController.swift */ = {isa = PBXFileReference; lastKnownFileType = sourcecode.swift; path = ViewController.swift; sourceTree = "<group>"; };
		D514A6321BC7BBC400191F95 /* Base */ = {isa = PBXFileReference; lastKnownFileType = file.storyboard; name = Base; path = Base.lproj/Main.storyboard; sourceTree = "<group>"; };
		D514A6341BC7BBC400191F95 /* Assets.xcassets */ = {isa = PBXFileReference; lastKnownFileType = folder.assetcatalog; path = Assets.xcassets; sourceTree = "<group>"; };
		D514A6371BC7BBC400191F95 /* Base */ = {isa = PBXFileReference; lastKnownFileType = file.storyboard; name = Base; path = Base.lproj/LaunchScreen.storyboard; sourceTree = "<group>"; };
		D514A6391BC7BBC400191F95 /* Info.plist */ = {isa = PBXFileReference; lastKnownFileType = text.plist.xml; path = Info.plist; sourceTree = "<group>"; };
/* End PBXFileReference section */

/* Begin PBXFrameworksBuildPhase section */
		D514A6271BC7BBC400191F95 /* Frameworks */ = {
			isa = PBXFrameworksBuildPhase;
			buildActionMask = 2147483647;
			files = (
			);
			runOnlyForDeploymentPostprocessing = 0;
		};
/* End PBXFrameworksBuildPhase section */

/* Begin PBXGroup section */
		D514A6211BC7BBC400191F95 = {
			isa = PBXGroup;
			children = (
				D514A62C1BC7BBC400191F95 /* WorkWithFiles */,
				D514A62B1BC7BBC400191F95 /* Products */,
			);
			sourceTree = "<group>";
		};
		D514A62B1BC7BBC400191F95 /* Products */ = {
			isa = PBXGroup;
			children = (
				D514A62A1BC7BBC400191F95 /* WorkWithFiles.app */,
			);
			name = Products;
			sourceTree = "<group>";
		};
		D514A62C1BC7BBC400191F95 /* WorkWithFiles */ = {
			isa = PBXGroup;
			children = (
				D514A62D1BC7BBC400191F95 /* AppDelegate.swift */,
				D514A62F1BC7BBC400191F95 /* ViewController.swift */,
				D514A6311BC7BBC400191F95 /* Main.storyboard */,
				D514A6341BC7BBC400191F95 /* Assets.xcassets */,
				D514A6361BC7BBC400191F95 /* LaunchScreen.storyboard */,
				D514A6391BC7BBC400191F95 /* Info.plist */,
			);
			path = WorkWithFiles;
			sourceTree = "<group>";
		};
/* End PBXGroup section */

/* Begin PBXNativeTarget section */
		D514A6291BC7BBC400191F95 /* WorkWithFiles */ = {
			isa = PBXNativeTarget;
			buildConfigurationList = D514A63C1BC7BBC400191F95 /* Build configuration list for PBXNativeTarget "WorkWithFiles" */;
			buildPhases = (
				D514A6261BC7BBC400191F95 /* Sources */,
				D514A6271BC7BBC400191F95 /* Frameworks */,
				D514A6281BC7BBC400191F95 /* Resources */,
			);
			buildRules = (
			);
			dependencies = (
			);
			name = WorkWithFiles;
			productName = WorkWithFiles;
			productReference = D514A62A1BC7BBC400191F95 /* WorkWithFiles.app */;
			productType = "com.apple.product-type.application";
		};
/* End PBXNativeTarget section */

/* Begin PBXProject section */
		D514A6221BC7BBC400191F95 /* Project object */ = {
			isa = PBXProject;
			attributes = {
				LastUpgradeCheck = 0700;
				ORGANIZATIONNAME = "Dmitriy Roytman";
				TargetAttributes = {
					D514A6291BC7BBC400191F95 = {
						CreatedOnToolsVersion = 7.0.1;
					};
				};
			};
			buildConfigurationList = D514A6251BC7BBC400191F95 /* Build configuration list for PBXProject "WorkWithFiles" */;
			compatibilityVersion = "Xcode 3.2";
			developmentRegion = English;
			hasScannedForEncodings = 0;
			knownRegions = (
				en,
				Base,
			);
			mainGroup = D514A6211BC7BBC400191F95;
			productRefGroup = D514A62B1BC7BBC400191F95 /* Products */;
			projectDirPath = "";
			projectRoot = "";
			targets = (
				D514A6291BC7BBC400191F95 /* WorkWithFiles */,
			);
		};
/* End PBXProject section */

/* Begin PBXResourcesBuildPhase section */
		D514A6281BC7BBC400191F95 /* Resources */ = {
			isa = PBXResourcesBuildPhase;
			buildActionMask = 2147483647;
			files = (
				D514A6381BC7BBC400191F95 /* LaunchScreen.storyboard in Resources */,
				D514A6351BC7BBC400191F95 /* Assets.xcassets in Resources */,
				D514A6331BC7BBC400191F95 /* Main.storyboard in Resources */,
			);
			runOnlyForDeploymentPostprocessing = 0;
		};
/* End PBXResourcesBuildPhase section */

/* Begin PBXSourcesBuildPhase section */
		D514A6261BC7BBC400191F95 /* Sources */ = {
			isa = PBXSourcesBuildPhase;
			buildActionMask = 2147483647;
			files = (
				D514A6301BC7BBC400191F95 /* ViewController.swift in Sources */,
				D514A62E1BC7BBC400191F95 /* AppDelegate.swift in Sources */,
			);
			runOnlyForDeploymentPostprocessing = 0;
		};
/* End PBXSourcesBuildPhase section */

/* Begin PBXVariantGroup section */
		D514A6311BC7BBC400191F95 /* Main.storyboard */ = {
			isa = PBXVariantGroup;
			children = (
				D514A6321BC7BBC400191F95 /* Base */,
			);
			name = Main.storyboard;
			sourceTree = "<group>";
		};
		D514A6361BC7BBC400191F95 /* LaunchScreen.storyboard */ = {
			isa = PBXVariantGroup;
			children = (
				D514A6371BC7BBC400191F95 /* Base */,
			);
			name = LaunchScreen.storyboard;
			sourceTree = "<group>";
		};
/* End PBXVariantGroup section */

/* Begin XCBuildConfiguration section */
		D514A63A1BC7BBC400191F95 /* Debug */ = {
			isa = XCBuildConfiguration;
			buildSettings = {
				ALWAYS_SEARCH_USER_PATHS = NO;
				CLANG_CXX_LANGUAGE_STANDARD = "gnu++0x";
				CLANG_CXX_LIBRARY = "libc++";
				CLANG_ENABLE_MODULES = YES;
				CLANG_ENABLE_OBJC_ARC = YES;
				CLANG_WARN_BOOL_CONVERSION = YES;
				CLANG_WARN_CONSTANT_CONVERSION = YES;
				CLANG_WARN_DIRECT_OBJC_ISA_USAGE = YES_ERROR;
				CLANG_WARN_EMPTY_BODY = YES;
				CLANG_WARN_ENUM_CONVERSION = YES;
				CLANG_WARN_INT_CONVERSION = YES;
				CLANG_WARN_OBJC_ROOT_CLASS = YES_ERROR;
				CLANG_WARN_UNREACHABLE_CODE = YES;
				CLANG_WARN__DUPLICATE_METHOD_MATCH = YES;
				"CODE_SIGN_IDENTITY[sdk=iphoneos*]" = "iPhone Developer";
				COPY_PHASE_STRIP = NO;
				DEBUG_INFORMATION_FORMAT = dwarf;
				ENABLE_STRICT_OBJC_MSGSEND = YES;
				ENABLE_TESTABILITY = YES;
				GCC_C_LANGUAGE_STANDARD = gnu99;
				GCC_DYNAMIC_NO_PIC = NO;
				GCC_NO_COMMON_BLOCKS = YES;
				GCC_OPTIMIZATION_LEVEL = 0;
				GCC_PREPROCESSOR_DEFINITIONS = (
					"DEBUG=1",
					"$(inherited)",
				);
				GCC_WARN_64_TO_32_BIT_CONVERSION = YES;
				GCC_WARN_ABOUT_RETURN_TYPE = YES_ERROR;
				GCC_WARN_UNDECLARED_SELECTOR = YES;
				GCC_WARN_UNINITIALIZED_AUTOS = YES_AGGRESSIVE;
				GCC_WARN_UNUSED_FUNCTION = YES;
				GCC_WARN_UNUSED_VARIABLE = YES;
				IPHONEOS_DEPLOYMENT_TARGET = 9.0;
				MTL_ENABLE_DEBUG_INFO = YES;
				ONLY_ACTIVE_ARCH = YES;
				SDKROOT = iphoneos;
				SWIFT_OPTIMIZATION_LEVEL = "-Onone";
				TARGETED_DEVICE_FAMILY = "1,2";
			};
			name = Debug;
		};
		D514A63B1BC7BBC400191F95 /* Release */ = {
			isa = XCBuildConfiguration;
			buildSettings = {
				ALWAYS_SEARCH_USER_PATHS = NO;
				CLANG_CXX_LANGUAGE_STANDARD = "gnu++0x";
				CLANG_CXX_LIBRARY = "libc++";
				CLANG_ENABLE_MODULES = YES;
				CLANG_ENABLE_OBJC_ARC = YES;
				CLANG_WARN_BOOL_CONVERSION = YES;
				CLANG_WARN_CONSTANT_CONVERSION = YES;
				CLANG_WARN_DIRECT_OBJC_ISA_USAGE = YES_ERROR;
				CLANG_WARN_EMPTY_BODY = YES;
				CLANG_WARN_ENUM_CONVERSION = YES;
				CLANG_WARN_INT_CONVERSION = YES;
				CLANG_WARN_OBJC_ROOT_CLASS = YES_ERROR;
				CLANG_WARN_UNREACHABLE_CODE = YES;
				CLANG_WARN__DUPLICATE_METHOD_MATCH = YES;
				"CODE_SIGN_IDENTITY[sdk=iphoneos*]" = "iPhone Developer";
				COPY_PHASE_STRIP = NO;
				DEBUG_INFORMATION_FORMAT = "dwarf-with-dsym";
				ENABLE_NS_ASSERTIONS = NO;
				ENABLE_STRICT_OBJC_MSGSEND = YES;
				GCC_C_LANGUAGE_STANDARD = gnu99;
				GCC_NO_COMMON_BLOCKS = YES;
				GCC_WARN_64_TO_32_BIT_CONVERSION = YES;
				GCC_WARN_ABOUT_RETURN_TYPE = YES_ERROR;
				GCC_WARN_UNDECLARED_SELECTOR = YES;
				GCC_WARN_UNINITIALIZED_AUTOS = YES_AGGRESSIVE;
				GCC_WARN_UNUSED_FUNCTION = YES;
				GCC_WARN_UNUSED_VARIABLE = YES;
				IPHONEOS_DEPLOYMENT_TARGET = 9.0;
				MTL_ENABLE_DEBUG_INFO = NO;
				SDKROOT = iphoneos;
				TARGETED_DEVICE_FAMILY = "1,2";
				VALIDATE_PRODUCT = YES;
			};
			name = Release;
		};
		D514A63D1BC7BBC400191F95 /* Debug */ = {
			isa = XCBuildConfiguration;
			buildSettings = {
				ASSETCATALOG_COMPILER_APPICON_NAME = AppIcon;
				INFOPLIST_FILE = WorkWithFiles/Info.plist;
				LD_RUNPATH_SEARCH_PATHS = "$(inherited) @executable_path/Frameworks";
				PRODUCT_BUNDLE_IDENTIFIER = ru.1appstudio.ios.WorkWithFiles;
				PRODUCT_NAME = "$(TARGET_NAME)";
			};
			name = Debug;
		};
		D514A63E1BC7BBC400191F95 /* Release */ = {
			isa = XCBuildConfiguration;
			buildSettings = {
				ASSETCATALOG_COMPILER_APPICON_NAME = AppIcon;
				INFOPLIST_FILE = WorkWithFiles/Info.plist;
				LD_RUNPATH_SEARCH_PATHS = "$(inherited) @executable_path/Frameworks";
				PRODUCT_BUNDLE_IDENTIFIER = ru.1appstudio.ios.WorkWithFiles;
				PRODUCT_NAME = "$(TARGET_NAME)";
			};
			name = Release;
		};
/* End XCBuildConfiguration section */

/* Begin XCConfigurationList section */
		D514A6251BC7BBC400191F95 /* Build configuration list for PBXProject "WorkWithFiles" */ = {
			isa = XCConfigurationList;
			buildConfigurations = (
				D514A63A1BC7BBC400191F95 /* Debug */,
				D514A63B1BC7BBC400191F95 /* Release */,
			);
			defaultConfigurationIsVisible = 0;
			defaultConfigurationName = Release;
		};
		D514A63C1BC7BBC400191F95 /* Build configuration list for PBXNativeTarget "WorkWithFiles" */ = {
			isa = XCConfigurationList;
			buildConfigurations = (
				D514A63D1BC7BBC400191F95 /* Debug */,
				D514A63E1BC7BBC400191F95 /* Release */,
			);
			defaultConfigurationIsVisible = 0;
		};
/* End XCConfigurationList section */
	};
	rootObject = D514A6221BC7BBC400191F95 /* Project object */;
}
